{
  "name": "example",
  "version": "1.0.0",
  "lockfileVersion": 3,
  "packages": {
    "node_modules/dep-0": {
      "version": "0.0.0",
      "resolved": "https://registry.npmjs.org/dep-0/-/dep-0-0.0.0.tgz",
      "integrity": "sha512-aaaaaaaaaaaaaaaaaaaaaaaaaaaaaaaaaaaaaaaaaaaa=",
      "dependencies": {
        "sub-dep-0": "^0.0.0"
      }
    },
    "node_modules/dep-1": {
      "version": "1.0.0",
      "resolved": "https://registry.npmjs.org/dep-1/-/dep-1-1.0.0.tgz",
      "integrity": "sha512-aaaaaaaaaaaaaaaaaaaaaaaaaaaaaaaaaaaaaaaaaaaa=",
      "dependencies": {
        "sub-dep-1": "^1.0.0"
      }
    },
    "node_modules/dep-2": {
      "version": "2.0.0",
      "resolved": "https://registry.npmjs.org/dep-2/-/dep-2-2.0.0.tgz",
      "integrity": "sha512-aaaaaaaaaaaaaaaaaaaaaaaaaaaaaaaaaaaaaaaaaaaa=",
      "dependencies": {
        "sub-dep-2": "^2.0.0"
      }
    },
    "node_modules/dep-3": {
      "version": "3.0.0",
      "resolved": "https://registry.npmjs.org/dep-3/-/dep-3-3.0.0.tgz",
      "integrity": "sha512-aaaaaaaaaaaaaaaaaaaaaaaaaaaaaaaaaaaaaaaaaaaa=",
      "dependencies": {
        "sub-dep-3": "^3.0.0"
      }
    },
    "node_modules/dep-4": {
      "version": "4.0.0",
      "resolved": "https://registry.npmjs.org/dep-4/-/dep-4-4.0.0.tgz",
      "integrity": "sha512-aaaaaaaaaaaaaaaaaaaaaaaaaaaaaaaaaaaaaaaaaaaa=",
      "dependencies": {
        "sub-dep-4": "^4.0.0"
      }
    },
    "node_modules/dep-5": {
      "version": "5.0.0",
      "resolved": "https://registry.npmjs.org/dep-5/-/dep-5-5.0.0.tgz",
      "integrity": "sha512-aaaaaaaaaaaaaaaaaaaaaaaaaaaaaaaaaaaaaaaaaaaa=",
      "dependencies": {
        "sub-dep-5": "^5.0.0"
      }
    },
    "node_modules/dep-6": {
      "version": "6.0.0",
      "resolved": "https://registry.npmjs.org/dep-6/-/dep-6-6.0.0.tgz",
      "integrity": "sha512-aaaaaaaaaaaaaaaaaaaaaaaaaaaaaaaaaaaaaaaaaaaa=",
      "dependencies": {
        "sub-dep-6": "^6.0.0"
      }
    },
    "node_modules/dep-7": {
      "version": "7.0.0",
      "resolved": "https://registry.npmjs.org/dep-7/-/dep-7-7.0.0.tgz",
      "integrity": "sha512-aaaaaaaaaaaaaaaaaaaaaaaaaaaaaaaaaaaaaaaaaaaa=",
      "dependencies": {
        "sub-dep-7": "^7.0.0"
      }
    },
    "node_modules/dep-8": {
      "version": "8.0.0",
      "resolved": "https://registry.npmjs.org/dep-8/-/dep-8-8.0.0.tgz",
      "integrity": "sha512-aaaaaaaaaaaaaaaaaaaaaaaaaaaaaaaaaaaaaaaaaaaa=",
      "dependencies": {
        "sub-dep-8": "^8.0.0"
      }
    },
    "node_modules/dep-9": {
      "version": "9.0.0",
      "resolved": "https://registry.npmjs.org/dep-9/-/dep-9-9.0.0.tgz",
      "integrity": "sha512-aaaaaaaaaaaaaaaaaaaaaaaaaaaaaaaaaaaaaaaaaaaa=",
      "dependencies": {
        "sub-dep-9": "^9.0.0"
      }
    },
    "node_modules/dep-10": {
      "version": "10.0.0",
      "resolved": "https://registry.npmjs.org/dep-10/-/dep-10-10.0.0.tgz",
      "integrity": "sha512-aaaaaaaaaaaaaaaaaaaaaaaaaaaaaaaaaaaaaaaaaaaa=",
      "dependencies": {
        "sub-dep-10": "^10.0.0"
      }
    },
    "node_modules/dep-11": {
      "version": "11.0.0",
      "resolved": "https://registry.npmjs.org/dep-11/-/dep-11-11.0.0.tgz",
      "integrity": "sha512-aaaaaaaaaaaaaaaaaaaaaaaaaaaaaaaaaaaaaaaaaaaa=",
      "dependencies": {
        "sub-dep-11": "^11.0.0"
      }
    },
    "node_modules/dep-12": {
      "version": "12.0.0",
      "resolved": "https://registry.npmjs.org/dep-12/-/dep-12-12.0.0.tgz",
      "integrity": "sha512-aaaaaaaaaaaaaaaaaaaaaaaaaaaaaaaaaaaaaaaaaaaa=",
      "dependencies": {
        "sub-dep-12": "^12.0.0"
      }
    },
    "node_modules/dep-13": {
      "version": "13.0.0",
      "resolved": "https://registry.npmjs.org/dep-13/-/dep-13-13.0.0.tgz",
      "integrity": "sha512-aaaaaaaaaaaaaaaaaaaaaaaaaaaaaaaaaaaaaaaaaaaa=",
      "dependencies": {
        "sub-dep-13": "^13.0.0"
      }
    },
    "node_modules/dep-14": {
      "version": "14.0.0",
      "resolved": "https://registry.npmjs.org/dep-14/-/dep-14-14.0.0.tgz",
      "integrity": "sha512-aaaaaaaaaaaaaaaaaaaaaaaaaaaaaaaaaaaaaaaaaaaa=",
      "dependencies": {
        "sub-dep-14": "^14.0.0"
      }
    },
    "node_modules/dep-15": {
      "version": "15.0.0",
      "resolved": "https://registry.npmjs.org/dep-15/-/dep-15-15.0.0.tgz",
      "integrity": "sha512-aaaaaaaaaaaaaaaaaaaaaaaaaaaaaaaaaaaaaaaaaaaa=",
      "dependencies": {
        "sub-dep-15": "^15.0.0"
      }
    },
    "node_modules/dep-16": {
      "version": "16.0.0",
      "resolved": "https://registry.npmjs.org/dep-16/-/dep-16-16.0.0.tgz",
      "integrity": "sha512-aaaaaaaaaaaaaaaaaaaaaaaaaaaaaaaaaaaaaaaaaaaa=",
      "dependencies": {
        "sub-dep-16": "^16.0.0"
      }
    },
    "node_modules/dep-17": {
      "version": "17.0.0",
      "resolved": "https://registry.npmjs.org/dep-17/-/dep-17-17.0.0.tgz",
      "integrity": "sha512-aaaaaaaaaaaaaaaaaaaaaaaaaaaaaaaaaaaaaaaaaaaa=",
      "dependencies": {
        "sub-dep-17": "^17.0.0"
      }
    },
    "node_modules/dep-18": {
      "version": "18.0.0",
      "resolved": "https://registry.npmjs.org/dep-18/-/dep-18-18.0.0.tgz",
      "integrity": "sha512-aaaaaaaaaaaaaaaaaaaaaaaaaaaaaaaaaaaaaaaaaaaa=",
      "dependencies": {
        "sub-dep-18": "^18.0.0"
      }
    },
    "node_modules/dep-19": {
      "version": "19.0.0",
      "resolved": "https://registry.npmjs.org/dep-19/-/dep-19-19.0.0.tgz",
      "integrity": "sha512-aaaaaaaaaaaaaaaaaaaaaaaaaaaaaaaaaaaaaaaaaaaa=",
      "dependencies": {
        "sub-dep-19": "^19.0.0"
      }
    },
    "node_modules/dep-20": {
      "version": "20.0.0",
      "resolved": "https://registry.npmjs.org/dep-20/-/dep-20-20.0.0.tgz",
      "integrity": "sha512-aaaaaaaaaaaaaaaaaaaaaaaaaaaaaaaaaaaaaaaaaaaa=",
      "dependencies": {
        "sub-dep-20": "^20.0.0"
      }
    },
    "node_modules/dep-21": {
      "version": "21.0.0",
      "resolved": "https://registry.npmjs.org/dep-21/-/dep-21-21.0.0.tgz",
      "integrity": "sha512-aaaaaaaaaaaaaaaaaaaaaaaaaaaaaaaaaaaaaaaaaaaa=",
      "dependencies": {
        "sub-dep-21": "^21.0.0"
      }
    },
    "node_modules/dep-22": {
      "version": "22.0.0",
      "resolved": "https://registry.npmjs.org/dep-22/-/dep-22-22.0.0.tgz",
      "integrity": "sha512-aaaaaaaaaaaaaaaaaaaaaaaaaaaaaaaaaaaaaaaaaaaa=",
      "dependencies": {
        "sub-dep-22": "^22.0.0"
      }
    },
    "node_modules/dep-23": {
      "version": "23.0.0",
      "resolved": "https://registry.npmjs.org/dep-23/-/dep-23-23.0.0.tgz",
      "integrity": "sha512-aaaaaaaaaaaaaaaaaaaaaaaaaaaaaaaaaaaaaaaaaaaa=",
      "dependencies": {
        "sub-dep-23": "^23.0.0"
      }
    },
    "node_modules/dep-24": {
      "version": "24.0.0",
      "resolved": "https://registry.npmjs.org/dep-24/-/dep-24-24.0.0.tgz",
      "integrity": "sha512-aaaaaaaaaaaaaaaaaaaaaaaaaaaaaaaaaaaaaaaaaaaa=",
      "dependencies": {
        "sub-dep-24": "^24.0.0"
      }
    },
    "node_modules/dep-25": {
      "version": "25.0.0",
      "resolved": "https://registry.npmjs.org/dep-25/-/dep-25-25.0.0.tgz",
      "integrity": "sha512-aaaaaaaaaaaaaaaaaaaaaaaaaaaaaaaaaaaaaaaaaaaa=",
      "dependencies": {
        "sub-dep-25": "^25.0.0"
      }
    },
    "node_modules/dep-26": {
      "version": "26.0.0",
      "resolved": "https://registry.npmjs.org/dep-26/-/dep-26-26.0.0.tgz",
      "integrity": "sha512-aaaaaaaaaaaaaaaaaaaaaaaaaaaaaaaaaaaaaaaaaaaa=",
      "dependencies": {
        "sub-dep-26": "^26.0.0"
      }
    },
    "node_modules/dep-27": {
      "version": "27.0.0",
      "resolved": "https://registry.npmjs.org/dep-27/-/dep-27-27.0.0.tgz",
      "integrity": "sha512-aaaaaaaaaaaaaaaaaaaaaaaaaaaaaaaaaaaaaaaaaaaa=",
      "dependencies": {
        "sub-dep-27": "^27.0.0"
      }
    },
    "node_modules/dep-28": {
      "version": "28.0.0",
      "resolved": "https://registry.npmjs.org/dep-28/-/dep-28-28.0.0.tgz",
      "integrity": "sha512-aaaaaaaaaaaaaaaaaaaaaaaaaaaaaaaaaaaaaaaaaaaa=",
      "dependencies": {
        "sub-dep-28": "^28.0.0"
      }
    },
    "node_modules/dep-29": {
      "version": "29.0.0",
      "resolved": "https://registry.npmjs.org/dep-29/-/dep-29-29.0.0.tgz",
      "integrity": "sha512-aaaaaaaaaaaaaaaaaaaaaaaaaaaaaaaaaaaaaaaaaaaa=",
      "dependencies": {
        "sub-dep-29": "^29.0.0"
      }
    },
    "node_modules/dep-30": {
      "version": "30.0.0",
      "resolved": "https://registry.npmjs.org/dep-30/-/dep-30-30.0.0.tgz",
      "integrity": "sha512-aaaaaaaaaaaaaaaaaaaaaaaaaaaaaaaaaaaaaaaaaaaa=",
      "dependencies": {
        "sub-dep-30": "^30.0.0"
      }
    },
    "node_modules/dep-31": {
      "version": "31.0.0",
      "resolved": "https://registry.npmjs.org/dep-31/-/dep-31-31.0.0.tgz",
      "integrity": "sha512-aaaaaaaaaaaaaaaaaaaaaaaaaaaaaaaaaaaaaaaaaaaa=",
      "dependencies": {
        "sub-dep-31": "^31.0.0"
      }
    },
    "node_modules/dep-32": {
      "version": "32.0.0",
      "resolved": "https://registry.npmjs.org/dep-32/-/dep-32-32.0.0.tgz",
      "integrity": "sha512-aaaaaaaaaaaaaaaaaaaaaaaaaaaaaaaaaaaaaaaaaaaa=",
      "dependencies": {
        "sub-dep-32": "^32.0.0"
      }
    },
    "node_modules/dep-33": {
      "version": "33.0.0",
      "resolved": "https://registry.npmjs.org/dep-33/-/dep-33-33.0.0.tgz",
      "integrity": "sha512-aaaaaaaaaaaaaaaaaaaaaaaaaaaaaaaaaaaaaaaaaaaa=",
      "dependencies": {
        "sub-dep-33": "^33.0.0"
      }
    },
    "node_modules/dep-34": {
      "version": "34.0.0",
      "resolved": "https://registry.npmjs.org/dep-34/-/dep-34-34.0.0.tgz",
      "integrity": "sha512-aaaaaaaaaaaaaaaaaaaaaaaaaaaaaaaaaaaaaaaaaaaa=",
      "dependencies": {
        "sub-dep-34": "^34.0.0"
      }
    },
    "node_modules/dep-35": {
      "version": "35.0.0",
      "resolved": "https://registry.npmjs.org/dep-35/-/dep-35-35.0.0.tgz",
      "integrity": "sha512-aaaaaaaaaaaaaaaaaaaaaaaaaaaaaaaaaaaaaaaaaaaa=",
      "dependencies": {
        "sub-dep-35": "^35.0.0"
      }
    },
    "node_modules/dep-36": {
      "version": "36.0.0",
      "resolved": "https://registry.npmjs.org/dep-36/-/dep-36-36.0.0.tgz",
      "integrity": "sha512-aaaaaaaaaaaaaaaaaaaaaaaaaaaaaaaaaaaaaaaaaaaa=",
      "dependencies": {
        "sub-dep-36": "^36.0.0"
      }
    },
    "node_modules/dep-37": {
      "version": "37.0.0",
      "resolved": "https://registry.npmjs.org/dep-37/-/dep-37-37.0.0.tgz",
      "integrity": "sha512-aaaaaaaaaaaaaaaaaaaaaaaaaaaaaaaaaaaaaaaaaaaa=",
      "dependencies": {
        "sub-dep-37": "^37.0.0"
      }
    },
    "node_modules/dep-38": {
      "version": "38.0.0",
      "resolved": "https://registry.npmjs.org/dep-38/-/dep-38-38.0.0.tgz",
      "integrity": "sha512-aaaaaaaaaaaaaaaaaaaaaaaaaaaaaaaaaaaaaaaaaaaa=",
      "dependencies": {
        "sub-dep-38": "^38.0.0"
      }
    },
    "node_modules/dep-39": {
      "version": "39.0.0",
      "resolved": "https://registry.npmjs.org/dep-39/-/dep-39-39.0.0.tgz",
      "integrity": "sha512-aaaaaaaaaaaaaaaaaaaaaaaaaaaaaaaaaaaaaaaaaaaa=",
      "dependencies": {
        "sub-dep-39": "^39.0.0"
      }
    },
    "node_modules/dep-40": {
      "version": "40.0.0",
      "resolved": "https://registry.npmjs.org/dep-40/-/dep-40-40.0.0.tgz",
      "integrity": "sha512-aaaaaaaaaaaaaaaaaaaaaaaaaaaaaaaaaaaaaaaaaaaa=",
      "dependencies": {
        "sub-dep-40": "^40.0.0"
      }
    },
    "node_modules/dep-41": {
      "version": "41.0.0",
      "resolved": "https://registry.npmjs.org/dep-41/-/dep-41-41.0.0.tgz",
      "integrity": "sha512-aaaaaaaaaaaaaaaaaaaaaaaaaaaaaaaaaaaaaaaaaaaa=",
      "dependencies": {
        "sub-dep-41": "^41.0.0"
      }
    },
    "node_modules/dep-42": {
      "version": "42.0.0",
      "resolved": "https://registry.npmjs.org/dep-42/-/dep-42-42.0.0.tgz",
      "integrity": "sha512-aaaaaaaaaaaaaaaaaaaaaaaaaaaaaaaaaaaaaaaaaaaa=",
      "dependencies": {
        "sub-dep-42": "^42.0.0"
      }
    },
    "node_modules/dep-43": {
      "version": "43.0.0",
      "resolved": "https://registry.npmjs.org/dep-43/-/dep-43-43.0.0.tgz",
      "integrity": "sha512-aaaaaaaaaaaaaaaaaaaaaaaaaaaaaaaaaaaaaaaaaaaa=",
      "dependencies": {
        "sub-dep-43": "^43.0.0"
      }
    },
    "node_modules/dep-44": {
      "version": "44.0.0",
      "resolved": "https://registry.npmjs.org/dep-44/-/dep-44-44.0.0.tgz",
      "integrity": "sha512-aaaaaaaaaaaaaaaaaaaaaaaaaaaaaaaaaaaaaaaaaaaa=",
      "dependencies": {
        "sub-dep-44": "^44.0.0"
      }
    },
    "node_modules/dep-45": {
      "version": "45.0.0",
      "resolved": "https://registry.npmjs.org/dep-45/-/dep-45-45.0.0.tgz",
      "integrity": "sha512-aaaaaaaaaaaaaaaaaaaaaaaaaaaaaaaaaaaaaaaaaaaa=",
      "dependencies": {
        "sub-dep-45": "^45.0.0"
      }
    },
    "node_modules/dep-46": {
      "version": "46.0.0",
      "resolved": "https://registry.npmjs.org/dep-46/-/dep-46-46.0.0.tgz",
      "integrity": "sha512-aaaaaaaaaaaaaaaaaaaaaaaaaaaaaaaaaaaaaaaaaaaa=",
      "dependencies": {
        "sub-dep-46": "^46.0.0"
      }
    },
    "node_modules/dep-47": {
      "version": "47.0.0",
      "resolved": "https://registry.npmjs.org/dep-47/-/dep-47-47.0.0.tgz",
      "integrity": "sha512-aaaaaaaaaaaaaaaaaaaaaaaaaaaaaaaaaaaaaaaaaaaa=",
      "dependencies": {
        "sub-dep-47": "^47.0.0"
      }
    },
    "node_modules/dep-48": {
      "version": "48.0.0",
      "resolved": "https://registry.npmjs.org/dep-48/-/dep-48-48.0.0.tgz",
      "integrity": "sha512-aaaaaaaaaaaaaaaaaaaaaaaaaaaaaaaaaaaaaaaaaaaa=",
      "dependencies": {
        "sub-dep-48": "^48.0.0"
      }
    },
    "node_modules/dep-49": {
      "version": "49.0.0",
      "resolved": "https://registry.npmjs.org/dep-49/-/dep-49-49.0.0.tgz",
      "integrity": "sha512-aaaaaaaaaaaaaaaaaaaaaaaaaaaaaaaaaaaaaaaaaaaa=",
      "dependencies": {
        "sub-dep-49": "^49.0.0"
      }
    },
    "node_modules/dep-50": {
      "version": "50.0.0",
      "resolved": "https://registry.npmjs.org/dep-50/-/dep-50-50.0.0.tgz",
      "integrity": "sha512-aaaaaaaaaaaaaaaaaaaaaaaaaaaaaaaaaaaaaaaaaaaa=",
      "dependencies": {
        "sub-dep-50": "^50.0.0"
      }
    },
    "node_modules/dep-51": {
      "version": "51.0.0",
      "resolved": "https://registry.npmjs.org/dep-51/-/dep-51-51.0.0.tgz",
      "integrity": "sha512-aaaaaaaaaaaaaaaaaaaaaaaaaaaaaaaaaaaaaaaaaaaa=",
      "dependencies": {
        "sub-dep-51": "^51.0.0"
      }
    },
    "node_modules/dep-52": {
      "version": "52.0.0",
      "resolved": "https://registry.npmjs.org/dep-52/-/dep-52-52.0.0.tgz",
      "integrity": "sha512-aaaaaaaaaaaaaaaaaaaaaaaaaaaaaaaaaaaaaaaaaaaa=",
      "dependencies": {
        "sub-dep-52": "^52.0.0"
      }
    },
    "node_modules/dep-53": {
      "version": "53.0.0",
      "resolved": "https://registry.npmjs.org/dep-53/-/dep-53-53.0.0.tgz",
      "integrity": "sha512-aaaaaaaaaaaaaaaaaaaaaaaaaaaaaaaaaaaaaaaaaaaa=",
      "dependencies": {
        "sub-dep-53": "^53.0.0"
      }
    },
    "node_modules/dep-54": {
      "version": "54.0.0",
      "resolved": "https://registry.npmjs.org/dep-54/-/dep-54-54.0.0.tgz",
      "integrity": "sha512-aaaaaaaaaaaaaaaaaaaaaaaaaaaaaaaaaaaaaaaaaaaa=",
      "dependencies": {
        "sub-dep-54": "^54.0.0"
      }
    },
    "node_modules/dep-55": {
      "version": "55.0.0",
      "resolved": "https://registry.npmjs.org/dep-55/-/dep-55-55.0.0.tgz",
      "integrity": "sha512-aaaaaaaaaaaaaaaaaaaaaaaaaaaaaaaaaaaaaaaaaaaa=",
      "dependencies": {
        "sub-dep-55": "^55.0.0"
      }
    },
    "node_modules/dep-56": {
      "version": "56.0.0",
      "resolved": "https://registry.npmjs.org/dep-56/-/dep-56-56.0.0.tgz",
      "integrity": "sha512-aaaaaaaaaaaaaaaaaaaaaaaaaaaaaaaaaaaaaaaaaaaa=",
      "dependencies": {
        "sub-dep-56": "^56.0.0"
      }
    },
    "node_modules/dep-57": {
      "version": "57.0.0",
      "resolved": "https://registry.npmjs.org/dep-57/-/dep-57-57.0.0.tgz",
      "integrity": "sha512-aaaaaaaaaaaaaaaaaaaaaaaaaaaaaaaaaaaaaaaaaaaa=",
      "dependencies": {
        "sub-dep-57": "^57.0.0"
      }
    },
    "node_modules/dep-58": {
      "version": "58.0.0",
      "resolved": "https://registry.npmjs.org/dep-58/-/dep-58-58.0.0.tgz",
      "integrity": "sha512-aaaaaaaaaaaaaaaaaaaaaaaaaaaaaaaaaaaaaaaaaaaa=",
      "dependencies": {
        "sub-dep-58": "^58.0.0"
      }
    },
    "node_modules/dep-59": {
      "version": "59.0.0",
      "resolved": "https://registry.npmjs.org/dep-59/-/dep-59-59.0.0.tgz",
      "integrity": "sha512-aaaaaaaaaaaaaaaaaaaaaaaaaaaaaaaaaaaaaaaaaaaa=",
      "dependencies": {
        "sub-dep-59": "^59.0.0"
      }
    },
    "node_modules/dep-60": {
      "version": "60.0.0",
      "resolved": "https://registry.npmjs.org/dep-60/-/dep-60-60.0.0.tgz",
      "integrity": "sha512-aaaaaaaaaaaaaaaaaaaaaaaaaaaaaaaaaaaaaaaaaaaa=",
      "dependencies": {
        "sub-dep-60": "^60.0.0"
      }
    },
    "node_modules/dep-61": {
      "version": "61.0.0",
      "resolved": "https://registry.npmjs.org/dep-61/-/dep-61-61.0.0.tgz",
      "integrity": "sha512-aaaaaaaaaaaaaaaaaaaaaaaaaaaaaaaaaaaaaaaaaaaa=",
      "dependencies": {
        "sub-dep-61": "^61.0.0"
      }
    },
    "node_modules/dep-62": {
      "version": "62.0.0",
      "resolved": "https://registry.npmjs.org/dep-62/-/dep-62-62.0.0.tgz",
      "integrity": "sha512-aaaaaaaaaaaaaaaaaaaaaaaaaaaaaaaaaaaaaaaaaaaa=",
      "dependencies": {
        "sub-dep-62": "^62.0.0"
      }
    },
    "node_modules/dep-63": {
      "version": "63.0.0",
      "resolved": "https://registry.npmjs.org/dep-63/-/dep-63-63.0.0.tgz",
      "integrity": "sha512-aaaaaaaaaaaaaaaaaaaaaaaaaaaaaaaaaaaaaaaaaaaa=",
      "dependencies": {
        "sub-dep-63": "^63.0.0"
      }
    },
    "node_modules/dep-64": {
      "version": "64.0.0",
      "resolved": "https://registry.npmjs.org/dep-64/-/dep-64-64.0.0.tgz",
      "integrity": "sha512-aaaaaaaaaaaaaaaaaaaaaaaaaaaaaaaaaaaaaaaaaaaa=",
      "dependencies": {
        "sub-dep-64": "^64.0.0"
      }
    },
    "node_modules/dep-65": {
      "version": "65.0.0",
      "resolved": "https://registry.npmjs.org/dep-65/-/dep-65-65.0.0.tgz",
      "integrity": "sha512-aaaaaaaaaaaaaaaaaaaaaaaaaaaaaaaaaaaaaaaaaaaa=",
      "dependencies": {
        "sub-dep-65": "^65.0.0"
      }
    },
    "node_modules/dep-66": {
      "version": "66.0.0",
      "resolved": "https://registry.npmjs.org/dep-66/-/dep-66-66.0.0.tgz",
      "integrity": "sha512-aaaaaaaaaaaaaaaaaaaaaaaaaaaaaaaaaaaaaaaaaaaa=",
      "dependencies": {
        "sub-dep-66": "^66.0.0"
      }
    },
    "node_modules/dep-67": {
      "version": "67.0.0",
      "resolved": "https://registry.npmjs.org/dep-67/-/dep-67-67.0.0.tgz",
      "integrity": "sha512-aaaaaaaaaaaaaaaaaaaaaaaaaaaaaaaaaaaaaaaaaaaa=",
      "dependencies": {
        "sub-dep-67": "^67.0.0"
      }
    },
    "node_modules/dep-68": {
      "version": "68.0.0",
      "resolved": "https://registry.npmjs.org/dep-68/-/dep-68-68.0.0.tgz",
      "integrity": "sha512-aaaaaaaaaaaaaaaaaaaaaaaaaaaaaaaaaaaaaaaaaaaa=",
      "dependencies": {
        "sub-dep-68": "^68.0.0"
      }
    },
    "node_modules/dep-69": {
      "version": "69.0.0",
      "resolved": "https://registry.npmjs.org/dep-69/-/dep-69-69.0.0.tgz",
      "integrity": "sha512-aaaaaaaaaaaaaaaaaaaaaaaaaaaaaaaaaaaaaaaaaaaa=",
      "dependencies": {
        "sub-dep-69": "^69.0.0"
      }
    },
    "node_modules/dep-70": {
      "version": "70.0.0",
      "resolved": "https://registry.npmjs.org/dep-70/-/dep-70-70.0.0.tgz",
      "integrity": "sha512-aaaaaaaaaaaaaaaaaaaaaaaaaaaaaaaaaaaaaaaaaaaa=",
      "dependencies": {
        "sub-dep-70": "^70.0.0"
      }
    },
    "node_modules/dep-71": {
      "version": "71.0.0",
      "resolved": "https://registry.npmjs.org/dep-71/-/dep-71-71.0.0.tgz",
      "integrity": "sha512-aaaaaaaaaaaaaaaaaaaaaaaaaaaaaaaaaaaaaaaaaaaa=",
      "dependencies": {
        "sub-dep-71": "^71.0.0"
      }
    },
    "node_modules/dep-72": {
      "version": "72.0.0",
      "resolved": "https://registry.npmjs.org/dep-72/-/dep-72-72.0.0.tgz",
      "integrity": "sha512-aaaaaaaaaaaaaaaaaaaaaaaaaaaaaaaaaaaaaaaaaaaa=",
      "dependencies": {
        "sub-dep-72": "^72.0.0"
      }
    },
    "node_modules/dep-73": {
      "version": "73.0.0",
      "resolved": "https://registry.npmjs.org/dep-73/-/dep-73-73.0.0.tgz",
      "integrity": "sha512-aaaaaaaaaaaaaaaaaaaaaaaaaaaaaaaaaaaaaaaaaaaa=",
      "dependencies": {
        "sub-dep-73": "^73.0.0"
      }
    },
    "node_modules/dep-74": {
      "version": "74.0.0",
      "resolved": "https://registry.npmjs.org/dep-74/-/dep-74-74.0.0.tgz",
      "integrity": "sha512-aaaaaaaaaaaaaaaaaaaaaaaaaaaaaaaaaaaaaaaaaaaa=",
      "dependencies": {
        "sub-dep-74": "^74.0.0"
      }
    },
    "node_modules/dep-75": {
      "version": "75.0.0",
      "resolved": "https://registry.npmjs.org/dep-75/-/dep-75-75.0.0.tgz",
      "integrity": "sha512-aaaaaaaaaaaaaaaaaaaaaaaaaaaaaaaaaaaaaaaaaaaa=",
      "dependencies": {
        "sub-dep-75": "^75.0.0"
      }
    },
    "node_modules/dep-76": {
      "version": "76.0.0",
      "resolved": "https://registry.npmjs.org/dep-76/-/dep-76-76.0.0.tgz",
      "integrity": "sha512-aaaaaaaaaaaaaaaaaaaaaaaaaaaaaaaaaaaaaaaaaaaa=",
      "dependencies": {
        "sub-dep-76": "^76.0.0"
      }
    },
    "node_modules/dep-77": {
      "version": "77.0.0",
      "resolved": "https://registry.npmjs.org/dep-77/-/dep-77-77.0.0.tgz",
      "integrity": "sha512-aaaaaaaaaaaaaaaaaaaaaaaaaaaaaaaaaaaaaaaaaaaa=",
      "dependencies": {
        "sub-dep-77": "^77.0.0"
      }
    },
    "node_modules/dep-78": {
      "version": "78.0.0",
      "resolved": "https://registry.npmjs.org/dep-78/-/dep-78-78.0.0.tgz",
      "integrity": "sha512-aaaaaaaaaaaaaaaaaaaaaaaaaaaaaaaaaaaaaaaaaaaa=",
      "dependencies": {
        "sub-dep-78": "^78.0.0"
      }
    },
    "node_modules/dep-79": {
      "version": "79.0.0",
      "resolved": "https://registry.npmjs.org/dep-79/-/dep-79-79.0.0.tgz",
      "integrity": "sha512-aaaaaaaaaaaaaaaaaaaaaaaaaaaaaaaaaaaaaaaaaaaa=",
      "dependencies": {
        "sub-dep-79": "^79.0.0"
      }
    },
    "node_modules/dep-80": {
      "version": "80.0.0",
      "resolved": "https://registry.npmjs.org/dep-80/-/dep-80-80.0.0.tgz",
      "integrity": "sha512-aaaaaaaaaaaaaaaaaaaaaaaaaaaaaaaaaaaaaaaaaaaa=",
      "dependencies": {
        "sub-dep-80": "^80.0.0"
      }
    },
    "node_modules/dep-81": {
      "version": "81.0.0",
      "resolved": "https://registry.npmjs.org/dep-81/-/dep-81-81.0.0.tgz",
      "integrity": "sha512-aaaaaaaaaaaaaaaaaaaaaaaaaaaaaaaaaaaaaaaaaaaa=",
      "dependencies": {
        "sub-dep-81": "^81.0.0"
      }
    },
    "node_modules/dep-82": {
      "version": "82.0.0",
      "resolved": "https://registry.npmjs.org/dep-82/-/dep-82-82.0.0.tgz",
      "integrity": "sha512-aaaaaaaaaaaaaaaaaaaaaaaaaaaaaaaaaaaaaaaaaaaa=",
      "dependencies": {
        "sub-dep-82": "^82.0.0"
      }
    },
    "node_modules/dep-83": {
      "version": "83.0.0",
      "resolved": "https://registry.npmjs.org/dep-83/-/dep-83-83.0.0.tgz",
      "integrity": "sha512-aaaaaaaaaaaaaaaaaaaaaaaaaaaaaaaaaaaaaaaaaaaa=",
      "dependencies": {
        "sub-dep-83": "^83.0.0"
      }
    },
    "node_modules/dep-84": {
      "version": "84.0.0",
      "resolved": "https://registry.npmjs.org/dep-84/-/dep-84-84.0.0.tgz",
      "integrity": "sha512-aaaaaaaaaaaaaaaaaaaaaaaaaaaaaaaaaaaaaaaaaaaa=",
      "dependencies": {
        "sub-dep-84": "^84.0.0"
      }
    },
    "node_modules/dep-85": {
      "version": "85.0.0",
      "resolved": "https://registry.npmjs.org/dep-85/-/dep-85-85.0.0.tgz",
      "integrity": "sha512-aaaaaaaaaaaaaaaaaaaaaaaaaaaaaaaaaaaaaaaaaaaa=",
      "dependencies": {
        "sub-dep-85": "^85.0.0"
      }
    },
    "node_modules/dep-86": {
      "version": "86.0.0",
      "resolved": "https://registry.npmjs.org/dep-86/-/dep-86-86.0.0.tgz",
      "integrity": "sha512-aaaaaaaaaaaaaaaaaaaaaaaaaaaaaaaaaaaaaaaaaaaa=",
      "dependencies": {
        "sub-dep-86": "^86.0.0"
      }
    },
    "node_modules/dep-87": {
      "version": "87.0.0",
      "resolved": "https://registry.npmjs.org/dep-87/-/dep-87-87.0.0.tgz",
      "integrity": "sha512-aaaaaaaaaaaaaaaaaaaaaaaaaaaaaaaaaaaaaaaaaaaa=",
      "dependencies": {
        "sub-dep-87": "^87.0.0"
      }
    },
    "node_modules/dep-88": {
      "version": "88.0.0",
      "resolved": "https://registry.npmjs.org/dep-88/-/dep-88-88.0.0.tgz",
      "integrity": "sha512-aaaaaaaaaaaaaaaaaaaaaaaaaaaaaaaaaaaaaaaaaaaa=",
      "dependencies": {
        "sub-dep-88": "^88.0.0"
      }
    },
    "node_modules/dep-89": {
      "version": "89.0.0",
      "resolved": "https://registry.npmjs.org/dep-89/-/dep-89-89.0.0.tgz",
      "integrity": "sha512-aaaaaaaaaaaaaaaaaaaaaaaaaaaaaaaaaaaaaaaaaaaa=",
      "dependencies": {
        "sub-dep-89": "^89.0.0"
      }
    },
    "node_modules/dep-90": {
      "version": "90.0.0",
      "resolved": "https://registry.npmjs.org/dep-90/-/dep-90-90.0.0.tgz",
      "integrity": "sha512-aaaaaaaaaaaaaaaaaaaaaaaaaaaaaaaaaaaaaaaaaaaa=",
      "dependencies": {
        "sub-dep-90": "^90.0.0"
      }
    },
    "node_modules/dep-91": {
      "version": "91.0.0",
      "resolved": "https://registry.npmjs.org/dep-91/-/dep-91-91.0.0.tgz",
      "integrity": "sha512-aaaaaaaaaaaaaaaaaaaaaaaaaaaaaaaaaaaaaaaaaaaa=",
      "dependencies": {
        "sub-dep-91": "^91.0.0"
      }
    },
    "node_modules/dep-92": {
      "version": "92.0.0",
      "resolved": "https://registry.npmjs.org/dep-92/-/dep-92-92.0.0.tgz",
      "integrity": "sha512-aaaaaaaaaaaaaaaaaaaaaaaaaaaaaaaaaaaaaaaaaaaa=",
      "dependencies": {
        "sub-dep-92": "^92.0.0"
      }
    },
    "node_modules/dep-93": {
      "version": "93.0.0",
      "resolved": "https://registry.npmjs.org/dep-93/-/dep-93-93.0.0.tgz",
      "integrity": "sha512-aaaaaaaaaaaaaaaaaaaaaaaaaaaaaaaaaaaaaaaaaaaa=",
      "dependencies": {
        "sub-dep-93": "^93.0.0"
      }
    },
    "node_modules/dep-94": {
      "version": "94.0.0",
      "resolved": "https://registry.npmjs.org/dep-94/-/dep-94-94.0.0.tgz",
      "integrity": "sha512-aaaaaaaaaaaaaaaaaaaaaaaaaaaaaaaaaaaaaaaaaaaa=",
      "dependencies": {
        "sub-dep-94": "^94.0.0"
      }
    },
    "node_modules/dep-95": {
      "version": "95.0.0",
      "resolved": "https://registry.npmjs.org/dep-95/-/dep-95-95.0.0.tgz",
      "integrity": "sha512-aaaaaaaaaaaaaaaaaaaaaaaaaaaaaaaaaaaaaaaaaaaa=",
      "dependencies": {
        "sub-dep-95": "^95.0.0"
      }
    },
    "node_modules/dep-96": {
      "version": "96.0.0",
      "resolved": "https://registry.npmjs.org/dep-96/-/dep-96-96.0.0.tgz",
      "integrity": "sha512-aaaaaaaaaaaaaaaaaaaaaaaaaaaaaaaaaaaaaaaaaaaa=",
      "dependencies": {
        "sub-dep-96": "^96.0.0"
      }
    },
    "node_modules/dep-97": {
      "version": "97.0.0",
      "resolved": "https://registry.npmjs.org/dep-97/-/dep-97-97.0.0.tgz",
      "integrity": "sha512-aaaaaaaaaaaaaaaaaaaaaaaaaaaaaaaaaaaaaaaaaaaa=",
      "dependencies": {
        "sub-dep-97": "^97.0.0"
      }
    },
    "node_modules/dep-98": {
      "version": "98.0.0",
      "resolved": "https://registry.npmjs.org/dep-98/-/dep-98-98.0.0.tgz",
      "integrity": "sha512-aaaaaaaaaaaaaaaaaaaaaaaaaaaaaaaaaaaaaaaaaaaa=",
      "dependencies": {
        "sub-dep-98": "^98.0.0"
      }
    },
    "node_modules/dep-99": {
      "version": "99.0.0",
      "resolved": "https://registry.npmjs.org/dep-99/-/dep-99-99.0.0.tgz",
      "integrity": "sha512-aaaaaaaaaaaaaaaaaaaaaaaaaaaaaaaaaaaaaaaaaaaa=",
      "dependencies": {
        "sub-dep-99": "^99.0.0"
      }
    }
  }
}